
Microsoft Visual Studio Solution File, Format Version 12.00
# Visual Studio Version 16
VisualStudioVersion = 16.0.30907.101
MinimumVisualStudioVersion = 10.0.40219.1
Project("{8BC9CEB8-8B4A-11D0-8D11-00A0C91BC942}") = "StockCommission", "StockCommission.vcxproj", "{CB03821A-F58A-4700-BB00-DDEF03E2E6DB}"
EndProject
Global
	GlobalSection(SolutionConfigurationPlatforms) = preSolution
		Debug|x64 = Debug|x64
		Debug|x86 = Debug|x86
		Release|x64 = Release|x64
		Release|x86 = Release|x86
	EndGlobalSection
	GlobalSection(ProjectConfigurationPlatforms) = postSolution
		{CB03821A-F58A-4700-BB00-DDEF03E2E6DB}.Debug|x64.ActiveCfg = Debug|x64
		{CB03821A-F58A-4700-BB00-DDEF03E2E6DB}.Debug|x64.Build.0 = Debug|x64
		{CB03821A-F58A-4700-BB00-DDEF03E2E6DB}.Debug|x86.ActiveCfg = Debug|Win32
		{CB03821A-F58A-4700-BB00-DDEF03E2E6DB}.Debug|x86.Build.0 = Debug|Win32
		{CB03821A-F58A-4700-BB00-DDEF03E2E6DB}.Release|x64.ActiveCfg = Release|x64
		{CB03821A-F58A-4700-BB00-DDEF03E2E6DB}.Release|x64.Build.0 = Release|x64
		{CB03821A-F58A-4700-BB00-DDEF03E2E6DB}.Release|x86.ActiveCfg = Release|Win32
		{CB03821A-F58A-4700-BB00-DDEF03E2E6DB}.Release|x86.Build.0 = Release|Win32
	EndGlobalSection
	GlobalSection(SolutionProperties) = preSolution
		HideSolutionNode = FALSE
	EndGlobalSection
	GlobalSection(ExtensibilityGlobals) = postSolution
		SolutionGuid = {CF4BBE63-78AB-45EE-8BE7-FF7C48AB3E39}
	EndGlobalSection
EndGlobal
